
Microsoft Visual Studio Solution File, Format Version 12.00
# Visual Studio Version 16
VisualStudioVersion = 16.0.30503.244
MinimumVisualStudioVersion = 10.0.40219.1
Project("{FAE04EC0-301F-11D3-BF4B-00C04F79EFBC}") = "Thanos.Sentinel", "Thanos.Sentinel\Thanos.Sentinel.csproj", "{93CA0E29-989B-4096-9F11-2055CDFB0A94}"
EndProject
Global
	GlobalSection(SolutionConfigurationPlatforms) = preSolution
		Debug|Any CPU = Debug|Any CPU
		Release|Any CPU = Release|Any CPU
	EndGlobalSection
	GlobalSection(ProjectConfigurationPlatforms) = postSolution
		{93CA0E29-989B-4096-9F11-2055CDFB0A94}.Debug|Any CPU.ActiveCfg = Debug|Any CPU
		{93CA0E29-989B-4096-9F11-2055CDFB0A94}.Debug|Any CPU.Build.0 = Debug|Any CPU
		{93CA0E29-989B-4096-9F11-2055CDFB0A94}.Release|Any CPU.ActiveCfg = Release|Any CPU
		{93CA0E29-989B-4096-9F11-2055CDFB0A94}.Release|Any CPU.Build.0 = Release|Any CPU
	EndGlobalSection
	GlobalSection(SolutionProperties) = preSolution
		HideSolutionNode = FALSE
	EndGlobalSection
	GlobalSection(ExtensibilityGlobals) = postSolution
		SolutionGuid = {72F24A0D-E454-48D9-8B45-FAF38C0F52CA}
	EndGlobalSection
EndGlobal
