
Microsoft Visual Studio Solution File, Format Version 12.00
# Visual Studio Version 16
VisualStudioVersion = 16.0.30503.244
MinimumVisualStudioVersion = 10.0.40219.1
Project("{9A19103F-16F7-4668-BE54-9A1E7A4F7556}") = "Thanos.Sentinel", "Thanos.Sentinel\Thanos.Sentinel.csproj", "{93CA0E29-989B-4096-9F11-2055CDFB0A94}"
EndProject
Project("{9A19103F-16F7-4668-BE54-9A1E7A4F7556}") = "Thanos.Sentinel.UnitTest", "UnitTest\Thanos.Sentinel.UnitTest.csproj", "{FF0A14A4-8C1D-44C2-B86B-905E28D270AF}"
EndProject
Project("{FAE04EC0-301F-11D3-BF4B-00C04F79EFBC}") = "Thanos.Sentinel.Listener", "Thanos.Sentinel.Listener\Thanos.Sentinel.Listener.csproj", "{50D29C50-4BEC-44F0-B294-8C2058F1CC1D}"
EndProject
Project("{FAE04EC0-301F-11D3-BF4B-00C04F79EFBC}") = "Thanos.Sentinel.Dispatcher", "Thanos.Sentinel.Dispatcher\Thanos.Sentinel.Dispatcher.csproj", "{53FDD03D-49F3-48A2-86FF-062663EBD67F}"
EndProject
Global
	GlobalSection(SolutionConfigurationPlatforms) = preSolution
		Debug|Any CPU = Debug|Any CPU
		Release|Any CPU = Release|Any CPU
	EndGlobalSection
	GlobalSection(ProjectConfigurationPlatforms) = postSolution
		{93CA0E29-989B-4096-9F11-2055CDFB0A94}.Debug|Any CPU.ActiveCfg = Debug|Any CPU
		{93CA0E29-989B-4096-9F11-2055CDFB0A94}.Debug|Any CPU.Build.0 = Debug|Any CPU
		{93CA0E29-989B-4096-9F11-2055CDFB0A94}.Release|Any CPU.ActiveCfg = Release|Any CPU
		{93CA0E29-989B-4096-9F11-2055CDFB0A94}.Release|Any CPU.Build.0 = Release|Any CPU
		{FF0A14A4-8C1D-44C2-B86B-905E28D270AF}.Debug|Any CPU.ActiveCfg = Debug|Any CPU
		{FF0A14A4-8C1D-44C2-B86B-905E28D270AF}.Debug|Any CPU.Build.0 = Debug|Any CPU
		{FF0A14A4-8C1D-44C2-B86B-905E28D270AF}.Release|Any CPU.ActiveCfg = Release|Any CPU
		{FF0A14A4-8C1D-44C2-B86B-905E28D270AF}.Release|Any CPU.Build.0 = Release|Any CPU
		{50D29C50-4BEC-44F0-B294-8C2058F1CC1D}.Debug|Any CPU.ActiveCfg = Debug|Any CPU
		{50D29C50-4BEC-44F0-B294-8C2058F1CC1D}.Debug|Any CPU.Build.0 = Debug|Any CPU
		{50D29C50-4BEC-44F0-B294-8C2058F1CC1D}.Release|Any CPU.ActiveCfg = Release|Any CPU
		{50D29C50-4BEC-44F0-B294-8C2058F1CC1D}.Release|Any CPU.Build.0 = Release|Any CPU
		{53FDD03D-49F3-48A2-86FF-062663EBD67F}.Debug|Any CPU.ActiveCfg = Debug|Any CPU
		{53FDD03D-49F3-48A2-86FF-062663EBD67F}.Debug|Any CPU.Build.0 = Debug|Any CPU
		{53FDD03D-49F3-48A2-86FF-062663EBD67F}.Release|Any CPU.ActiveCfg = Release|Any CPU
		{53FDD03D-49F3-48A2-86FF-062663EBD67F}.Release|Any CPU.Build.0 = Release|Any CPU
	EndGlobalSection
	GlobalSection(SolutionProperties) = preSolution
		HideSolutionNode = FALSE
	EndGlobalSection
	GlobalSection(ExtensibilityGlobals) = postSolution
		SolutionGuid = {72F24A0D-E454-48D9-8B45-FAF38C0F52CA}
	EndGlobalSection
EndGlobal
