
Microsoft Visual Studio Solution File, Format Version 12.00
# Visual Studio Version 16
VisualStudioVersion = 16.0.29911.84
MinimumVisualStudioVersion = 10.0.40219.1
Project("{9A19103F-16F7-4668-BE54-9A1E7A4F7556}") = "Thanos.Sentinel", "Thanos.Sentinel\Thanos.Sentinel.csproj", "{4990C745-B1CC-4CFB-A0F2-CBFC1C2E0E8F}"
EndProject
Project("{9A19103F-16F7-4668-BE54-9A1E7A4F7556}") = "Thanos.Scheduer.Poll.Sensors", "Thanos.Scheduer.Poll.Sensors\Thanos.Scheduer.Poll.Sensors.csproj", "{9C350F6D-2734-4878-933E-0EDB38B26643}"
EndProject
Project("{9A19103F-16F7-4668-BE54-9A1E7A4F7556}") = "Thanos.Sentinel.State", "Thanos.Sentinel.State\Thanos.Sentinel.State.csproj", "{9225D509-395E-4F51-8492-6F6682B146AA}"
EndProject
Project("{9A19103F-16F7-4668-BE54-9A1E7A4F7556}") = "Thanos.Adapter.ServiceBus", "..\Thanos.Common\Thanos.Adapter.ServiceBus\Thanos.Adapter.ServiceBus.csproj", "{951AB228-26DF-4F9C-A5E8-4E6304A0A1D1}"
EndProject
Project("{9A19103F-16F7-4668-BE54-9A1E7A4F7556}") = "Thanos.Models", "..\Thanos.Common\Thanos.Models\Thanos.Models.csproj", "{03B37AD5-954D-421F-8DDF-4045A08491A0}"
EndProject
Global
	GlobalSection(SolutionConfigurationPlatforms) = preSolution
		Debug|Any CPU = Debug|Any CPU
		Release|Any CPU = Release|Any CPU
	EndGlobalSection
	GlobalSection(ProjectConfigurationPlatforms) = postSolution
		{4990C745-B1CC-4CFB-A0F2-CBFC1C2E0E8F}.Debug|Any CPU.ActiveCfg = Debug|Any CPU
		{4990C745-B1CC-4CFB-A0F2-CBFC1C2E0E8F}.Debug|Any CPU.Build.0 = Debug|Any CPU
		{4990C745-B1CC-4CFB-A0F2-CBFC1C2E0E8F}.Release|Any CPU.ActiveCfg = Release|Any CPU
		{4990C745-B1CC-4CFB-A0F2-CBFC1C2E0E8F}.Release|Any CPU.Build.0 = Release|Any CPU
		{9C350F6D-2734-4878-933E-0EDB38B26643}.Debug|Any CPU.ActiveCfg = Debug|Any CPU
		{9C350F6D-2734-4878-933E-0EDB38B26643}.Debug|Any CPU.Build.0 = Debug|Any CPU
		{9C350F6D-2734-4878-933E-0EDB38B26643}.Release|Any CPU.ActiveCfg = Release|Any CPU
		{9C350F6D-2734-4878-933E-0EDB38B26643}.Release|Any CPU.Build.0 = Release|Any CPU
		{9225D509-395E-4F51-8492-6F6682B146AA}.Debug|Any CPU.ActiveCfg = Debug|Any CPU
		{9225D509-395E-4F51-8492-6F6682B146AA}.Debug|Any CPU.Build.0 = Debug|Any CPU
		{9225D509-395E-4F51-8492-6F6682B146AA}.Release|Any CPU.ActiveCfg = Release|Any CPU
		{9225D509-395E-4F51-8492-6F6682B146AA}.Release|Any CPU.Build.0 = Release|Any CPU
		{951AB228-26DF-4F9C-A5E8-4E6304A0A1D1}.Debug|Any CPU.ActiveCfg = Debug|Any CPU
		{951AB228-26DF-4F9C-A5E8-4E6304A0A1D1}.Debug|Any CPU.Build.0 = Debug|Any CPU
		{951AB228-26DF-4F9C-A5E8-4E6304A0A1D1}.Release|Any CPU.ActiveCfg = Release|Any CPU
		{951AB228-26DF-4F9C-A5E8-4E6304A0A1D1}.Release|Any CPU.Build.0 = Release|Any CPU
		{03B37AD5-954D-421F-8DDF-4045A08491A0}.Debug|Any CPU.ActiveCfg = Debug|Any CPU
		{03B37AD5-954D-421F-8DDF-4045A08491A0}.Debug|Any CPU.Build.0 = Debug|Any CPU
		{03B37AD5-954D-421F-8DDF-4045A08491A0}.Release|Any CPU.ActiveCfg = Release|Any CPU
		{03B37AD5-954D-421F-8DDF-4045A08491A0}.Release|Any CPU.Build.0 = Release|Any CPU
	EndGlobalSection
	GlobalSection(SolutionProperties) = preSolution
		HideSolutionNode = FALSE
	EndGlobalSection
	GlobalSection(ExtensibilityGlobals) = postSolution
		SolutionGuid = {29372E3A-63A3-4FAC-94A0-3D83E7C00366}
	EndGlobalSection
EndGlobal
